
Microsoft Visual Studio Solution File, Format Version 12.00
# Visual Studio Version 17
VisualStudioVersion = 17.3.32825.248
MinimumVisualStudioVersion = 10.0.40219.1
Project("{9A19103F-16F7-4668-BE54-9A1E7A4F7556}") = "DIExample", "DIExample\DIExample.csproj", "{D7E83B21-6A53-40A3-9FA5-E37D1FCA2934}"
EndProject
Project("{9A19103F-16F7-4668-BE54-9A1E7A4F7556}") = "Services", "Services\Services.csproj", "{4FCA7043-4A83-4C0A-A39B-166DF4E263AE}"
EndProject
Project("{FAE04EC0-301F-11D3-BF4B-00C04F79EFBC}") = "ServiceContracts", "ServiceContracts\ServiceContracts.csproj", "{7E5E49A2-AE18-4242-9C93-CE1F47F49B0A}"
EndProject
Global
	GlobalSection(SolutionConfigurationPlatforms) = preSolution
		Debug|Any CPU = Debug|Any CPU
		Release|Any CPU = Release|Any CPU
	EndGlobalSection
	GlobalSection(ProjectConfigurationPlatforms) = postSolution
		{D7E83B21-6A53-40A3-9FA5-E37D1FCA2934}.Debug|Any CPU.ActiveCfg = Debug|Any CPU
		{D7E83B21-6A53-40A3-9FA5-E37D1FCA2934}.Debug|Any CPU.Build.0 = Debug|Any CPU
		{D7E83B21-6A53-40A3-9FA5-E37D1FCA2934}.Release|Any CPU.ActiveCfg = Release|Any CPU
		{D7E83B21-6A53-40A3-9FA5-E37D1FCA2934}.Release|Any CPU.Build.0 = Release|Any CPU
		{4FCA7043-4A83-4C0A-A39B-166DF4E263AE}.Debug|Any CPU.ActiveCfg = Debug|Any CPU
		{4FCA7043-4A83-4C0A-A39B-166DF4E263AE}.Debug|Any CPU.Build.0 = Debug|Any CPU
		{4FCA7043-4A83-4C0A-A39B-166DF4E263AE}.Release|Any CPU.ActiveCfg = Release|Any CPU
		{4FCA7043-4A83-4C0A-A39B-166DF4E263AE}.Release|Any CPU.Build.0 = Release|Any CPU
		{7E5E49A2-AE18-4242-9C93-CE1F47F49B0A}.Debug|Any CPU.ActiveCfg = Debug|Any CPU
		{7E5E49A2-AE18-4242-9C93-CE1F47F49B0A}.Debug|Any CPU.Build.0 = Debug|Any CPU
		{7E5E49A2-AE18-4242-9C93-CE1F47F49B0A}.Release|Any CPU.ActiveCfg = Release|Any CPU
		{7E5E49A2-AE18-4242-9C93-CE1F47F49B0A}.Release|Any CPU.Build.0 = Release|Any CPU
	EndGlobalSection
	GlobalSection(SolutionProperties) = preSolution
		HideSolutionNode = FALSE
	EndGlobalSection
	GlobalSection(ExtensibilityGlobals) = postSolution
		SolutionGuid = {AEF8714F-5F39-43FC-9808-41A682D7EB97}
	EndGlobalSection
EndGlobal
