
Microsoft Visual Studio Solution File, Format Version 12.00
# Visual Studio Version 17
VisualStudioVersion = 17.10.35122.118
MinimumVisualStudioVersion = 10.0.40219.1
Project("{FAE04EC0-301F-11D3-BF4B-00C04F79EFBC}") = "StocksApp", "StocksApp\StocksApp.csproj", "{1E7BCD4E-3E47-4D39-A20E-3EF8FB1D729F}"
EndProject
Global
	GlobalSection(SolutionConfigurationPlatforms) = preSolution
		Debug|Any CPU = Debug|Any CPU
		Release|Any CPU = Release|Any CPU
	EndGlobalSection
	GlobalSection(ProjectConfigurationPlatforms) = postSolution
		{1E7BCD4E-3E47-4D39-A20E-3EF8FB1D729F}.Debug|Any CPU.ActiveCfg = Debug|Any CPU
		{1E7BCD4E-3E47-4D39-A20E-3EF8FB1D729F}.Debug|Any CPU.Build.0 = Debug|Any CPU
		{1E7BCD4E-3E47-4D39-A20E-3EF8FB1D729F}.Release|Any CPU.ActiveCfg = Release|Any CPU
		{1E7BCD4E-3E47-4D39-A20E-3EF8FB1D729F}.Release|Any CPU.Build.0 = Release|Any CPU
	EndGlobalSection
	GlobalSection(SolutionProperties) = preSolution
		HideSolutionNode = FALSE
	EndGlobalSection
	GlobalSection(ExtensibilityGlobals) = postSolution
		SolutionGuid = {6FF448DE-815A-404B-AE9D-F3B40373A074}
	EndGlobalSection
EndGlobal
