
Microsoft Visual Studio Solution File, Format Version 12.00
# Visual Studio Version 17
VisualStudioVersion = 17.3.32825.248
MinimumVisualStudioVersion = 10.0.40219.1
Project("{FAE04EC0-301F-11D3-BF4B-00C04F79EFBC}") = "EnvironmentExample", "EnvironmentExample\EnvironmentExample.csproj", "{06AFDFF7-DABB-4681-89F5-FAA7EE32F6D6}"
EndProject
Global
	GlobalSection(SolutionConfigurationPlatforms) = preSolution
		Debug|Any CPU = Debug|Any CPU
		Release|Any CPU = Release|Any CPU
	EndGlobalSection
	GlobalSection(ProjectConfigurationPlatforms) = postSolution
		{06AFDFF7-DABB-4681-89F5-FAA7EE32F6D6}.Debug|Any CPU.ActiveCfg = Debug|Any CPU
		{06AFDFF7-DABB-4681-89F5-FAA7EE32F6D6}.Debug|Any CPU.Build.0 = Debug|Any CPU
		{06AFDFF7-DABB-4681-89F5-FAA7EE32F6D6}.Release|Any CPU.ActiveCfg = Release|Any CPU
		{06AFDFF7-DABB-4681-89F5-FAA7EE32F6D6}.Release|Any CPU.Build.0 = Release|Any CPU
	EndGlobalSection
	GlobalSection(SolutionProperties) = preSolution
		HideSolutionNode = FALSE
	EndGlobalSection
	GlobalSection(ExtensibilityGlobals) = postSolution
		SolutionGuid = {C8FA9984-B34F-4C34-8545-40CFC5820E3C}
	EndGlobalSection
EndGlobal
